
Microsoft Visual Studio Solution File, Format Version 12.00
# Visual Studio 15
VisualStudioVersion = 15.0.28307.902
MinimumVisualStudioVersion = 10.0.40219.1
Project("{FAE04EC0-301F-11D3-BF4B-00C04F79EFBC}") = "tlogNew", "tlogNew\tlogNew.csproj", "{A97116DD-1D5C-467E-94A4-ED16389C4E50}"
EndProject
Project("{FAE04EC0-301F-11D3-BF4B-00C04F79EFBC}") = "tlogNew.Tests", "tlogNew.Tests\tlogNew.Tests.csproj", "{575DB9A6-F595-4BF7-89E7-3C04E856760E}"
EndProject
Global
	GlobalSection(SolutionConfigurationPlatforms) = preSolution
		Debug|Any CPU = Debug|Any CPU
		Release|Any CPU = Release|Any CPU
	EndGlobalSection
	GlobalSection(ProjectConfigurationPlatforms) = postSolution
		{A97116DD-1D5C-467E-94A4-ED16389C4E50}.Debug|Any CPU.ActiveCfg = Debug|Any CPU
		{A97116DD-1D5C-467E-94A4-ED16389C4E50}.Debug|Any CPU.Build.0 = Debug|Any CPU
		{A97116DD-1D5C-467E-94A4-ED16389C4E50}.Release|Any CPU.ActiveCfg = Release|Any CPU
		{A97116DD-1D5C-467E-94A4-ED16389C4E50}.Release|Any CPU.Build.0 = Release|Any CPU
		{575DB9A6-F595-4BF7-89E7-3C04E856760E}.Debug|Any CPU.ActiveCfg = Debug|Any CPU
		{575DB9A6-F595-4BF7-89E7-3C04E856760E}.Debug|Any CPU.Build.0 = Debug|Any CPU
		{575DB9A6-F595-4BF7-89E7-3C04E856760E}.Release|Any CPU.ActiveCfg = Release|Any CPU
		{575DB9A6-F595-4BF7-89E7-3C04E856760E}.Release|Any CPU.Build.0 = Release|Any CPU
	EndGlobalSection
	GlobalSection(SolutionProperties) = preSolution
		HideSolutionNode = FALSE
	EndGlobalSection
	GlobalSection(ExtensibilityGlobals) = postSolution
		SolutionGuid = {AD67EBC6-4EB1-478C-8456-1A1E7A4AE803}
	EndGlobalSection
EndGlobal
